{
  "name": "@nc0/life2-workspace",
  "version": "1.0.0",
  "lockfileVersion": 3,
  "requires": true,
  "packages": {
    "": {
      "name": "@nc0/life2-workspace",
      "version": "1.0.0",
      "license": "SEE LICENSE IN COPYRIGHT",
      "workspaces": [
        "life2/simulator"
      ],
      "engines": {
        "node": ">=20.11.1",
        "npm": ">=10.2.4"
      }
    },
    "life2/simulator": {
      "name": "@nc0/life2-simulator",
      "version": "1.0.0",
      "license": "SEE LICENSE IN COPYRIGHT",
      "devDependencies": {},
      "funding": {
        "type": "individual",
        "url": "https://github.com/sponsors/nc0fr"
      }
    },
    "node_modules/@nc0/life2-simulator": {
      "resolved": "life2/simulator",
      "link": true
    }
  }
}
